
Microsoft Visual Studio Solution File, Format Version 12.00
# Visual Studio Version 17
VisualStudioVersion = 17.4.33205.214
MinimumVisualStudioVersion = 10.0.40219.1
Project("{FAE04EC0-301F-11D3-BF4B-00C04F79EFBC}") = "Week2.app2", "Week2.app2.csproj", "{0B16F2EC-B549-4571-B600-2E3A655AC859}"
EndProject
Global
	GlobalSection(SolutionConfigurationPlatforms) = preSolution
		Debug|Any CPU = Debug|Any CPU
		Release|Any CPU = Release|Any CPU
	EndGlobalSection
	GlobalSection(ProjectConfigurationPlatforms) = postSolution
		{0B16F2EC-B549-4571-B600-2E3A655AC859}.Debug|Any CPU.ActiveCfg = Debug|Any CPU
		{0B16F2EC-B549-4571-B600-2E3A655AC859}.Debug|Any CPU.Build.0 = Debug|Any CPU
		{0B16F2EC-B549-4571-B600-2E3A655AC859}.Release|Any CPU.ActiveCfg = Release|Any CPU
		{0B16F2EC-B549-4571-B600-2E3A655AC859}.Release|Any CPU.Build.0 = Release|Any CPU
	EndGlobalSection
	GlobalSection(SolutionProperties) = preSolution
		HideSolutionNode = FALSE
	EndGlobalSection
	GlobalSection(ExtensibilityGlobals) = postSolution
		SolutionGuid = {2AE86504-A02F-4BEF-84DE-5FC6F41EE638}
	EndGlobalSection
EndGlobal
